
Microsoft Visual Studio Solution File, Format Version 12.00
Project("{FAE04EC0-301F-11D3-BF4B-00C04F79EFBC}") = "Wissance.Pacman.WebAPI", "Wissance.Pacman.WebAPI\Wissance.Pacman.WebAPI.csproj", "{5146B1DF-A090-4B0D-ADDF-A8ABAD007ED3}"
EndProject
Project("{FAE04EC0-301F-11D3-BF4B-00C04F79EFBC}") = "Wissance.Pacman.Data", "Wissance.Pacman.Data\Wissance.Pacman.Data.csproj", "{854F7017-CE36-4691-A727-821E31155933}"
EndProject
Project("{FAE04EC0-301F-11D3-BF4B-00C04F79EFBC}") = "Wissance.Pacman.Dto", "Wissance.Pacman.Dto\Wissance.Pacman.Dto.csproj", "{3928EBB3-B717-4221-B720-9BDE74D2A618}"
EndProject
Project("{FAE04EC0-301F-11D3-BF4B-00C04F79EFBC}") = "Wissance.Pacman.Data.Sqlite", "Wissance.Pacman.Data.Sqlite\Wissance.Pacman.Data.Sqlite.csproj", "{8277181C-8D14-4CDF-98F0-48F6E7247D59}"
EndProject
Project("{FAE04EC0-301F-11D3-BF4B-00C04F79EFBC}") = "Wissance.Pacman.Data.Postgres", "Wissance.Pacman.Data.Postgres\Wissance.Pacman.Data.Postgres.csproj", "{ECCEFBDA-BC48-4169-8160-C4C2FCD2F3A3}"
EndProject
Project("{FAE04EC0-301F-11D3-BF4B-00C04F79EFBC}") = "Wissance.Pacman.WebAPI.Tests", "Wissance.Pacman.WebAPI.Tests\Wissance.Pacman.WebAPI.Tests.csproj", "{6EE4C66F-944E-4B19-94F3-AF23D7A6C812}"
EndProject
Project("{FAE04EC0-301F-11D3-BF4B-00C04F79EFBC}") = "Wissance.Pacman.Data.Sqlite.Tests", "Wissance.Pacman.Data.Sqlite.Tests\Wissance.Pacman.Data.Sqlite.Tests.csproj", "{76C0CF94-74C3-4F91-A35A-EAFC6714B7EA}"
EndProject
Project("{FAE04EC0-301F-11D3-BF4B-00C04F79EFBC}") = "Wissance.Pacman.Tests.Common", "Wissance.Pacman.Tests.Common\Wissance.Pacman.Tests.Common.csproj", "{BC4B31DE-58DA-49CB-96A1-CA39A6203220}"
EndProject
Global
	GlobalSection(SolutionConfigurationPlatforms) = preSolution
		Debug|Any CPU = Debug|Any CPU
		Release|Any CPU = Release|Any CPU
	EndGlobalSection
	GlobalSection(ProjectConfigurationPlatforms) = postSolution
		{5146B1DF-A090-4B0D-ADDF-A8ABAD007ED3}.Debug|Any CPU.ActiveCfg = Debug|Any CPU
		{5146B1DF-A090-4B0D-ADDF-A8ABAD007ED3}.Debug|Any CPU.Build.0 = Debug|Any CPU
		{5146B1DF-A090-4B0D-ADDF-A8ABAD007ED3}.Release|Any CPU.ActiveCfg = Release|Any CPU
		{5146B1DF-A090-4B0D-ADDF-A8ABAD007ED3}.Release|Any CPU.Build.0 = Release|Any CPU
		{854F7017-CE36-4691-A727-821E31155933}.Debug|Any CPU.ActiveCfg = Debug|Any CPU
		{854F7017-CE36-4691-A727-821E31155933}.Debug|Any CPU.Build.0 = Debug|Any CPU
		{854F7017-CE36-4691-A727-821E31155933}.Release|Any CPU.ActiveCfg = Release|Any CPU
		{854F7017-CE36-4691-A727-821E31155933}.Release|Any CPU.Build.0 = Release|Any CPU
		{3928EBB3-B717-4221-B720-9BDE74D2A618}.Debug|Any CPU.ActiveCfg = Debug|Any CPU
		{3928EBB3-B717-4221-B720-9BDE74D2A618}.Debug|Any CPU.Build.0 = Debug|Any CPU
		{3928EBB3-B717-4221-B720-9BDE74D2A618}.Release|Any CPU.ActiveCfg = Release|Any CPU
		{3928EBB3-B717-4221-B720-9BDE74D2A618}.Release|Any CPU.Build.0 = Release|Any CPU
		{8277181C-8D14-4CDF-98F0-48F6E7247D59}.Debug|Any CPU.ActiveCfg = Debug|Any CPU
		{8277181C-8D14-4CDF-98F0-48F6E7247D59}.Debug|Any CPU.Build.0 = Debug|Any CPU
		{8277181C-8D14-4CDF-98F0-48F6E7247D59}.Release|Any CPU.ActiveCfg = Release|Any CPU
		{8277181C-8D14-4CDF-98F0-48F6E7247D59}.Release|Any CPU.Build.0 = Release|Any CPU
		{ECCEFBDA-BC48-4169-8160-C4C2FCD2F3A3}.Debug|Any CPU.ActiveCfg = Debug|Any CPU
		{ECCEFBDA-BC48-4169-8160-C4C2FCD2F3A3}.Debug|Any CPU.Build.0 = Debug|Any CPU
		{ECCEFBDA-BC48-4169-8160-C4C2FCD2F3A3}.Release|Any CPU.ActiveCfg = Release|Any CPU
		{ECCEFBDA-BC48-4169-8160-C4C2FCD2F3A3}.Release|Any CPU.Build.0 = Release|Any CPU
		{6EE4C66F-944E-4B19-94F3-AF23D7A6C812}.Debug|Any CPU.ActiveCfg = Debug|Any CPU
		{6EE4C66F-944E-4B19-94F3-AF23D7A6C812}.Debug|Any CPU.Build.0 = Debug|Any CPU
		{6EE4C66F-944E-4B19-94F3-AF23D7A6C812}.Release|Any CPU.ActiveCfg = Release|Any CPU
		{6EE4C66F-944E-4B19-94F3-AF23D7A6C812}.Release|Any CPU.Build.0 = Release|Any CPU
		{76C0CF94-74C3-4F91-A35A-EAFC6714B7EA}.Debug|Any CPU.ActiveCfg = Debug|Any CPU
		{76C0CF94-74C3-4F91-A35A-EAFC6714B7EA}.Debug|Any CPU.Build.0 = Debug|Any CPU
		{76C0CF94-74C3-4F91-A35A-EAFC6714B7EA}.Release|Any CPU.ActiveCfg = Release|Any CPU
		{76C0CF94-74C3-4F91-A35A-EAFC6714B7EA}.Release|Any CPU.Build.0 = Release|Any CPU
		{BC4B31DE-58DA-49CB-96A1-CA39A6203220}.Debug|Any CPU.ActiveCfg = Debug|Any CPU
		{BC4B31DE-58DA-49CB-96A1-CA39A6203220}.Debug|Any CPU.Build.0 = Debug|Any CPU
		{BC4B31DE-58DA-49CB-96A1-CA39A6203220}.Release|Any CPU.ActiveCfg = Release|Any CPU
		{BC4B31DE-58DA-49CB-96A1-CA39A6203220}.Release|Any CPU.Build.0 = Release|Any CPU
	EndGlobalSection
EndGlobal
